{
  "name": "ArkTsDemo",
  "lockfileVersion": 3,
  "requires": true,
  "packages": {
    "": {
      "dependencies": {
        "@arkts/declarations": "^0.0.15"
      }
    },
    "node_modules/@arkts/declarations": {
      "version": "0.0.15",
      "resolved": "https://registry.npmjs.org/@arkts/declarations/-/declarations-0.0.15.tgz",
      "integrity": "sha512-TJzs1WqsnUdXcGfx2chRBy5U3gJDxe8kU/3bcbYwL08Og7iUF0mmKrkLTUd9swYgSCtLdenww4UF7+W+KabTNw=="
    }
  }
}
